
Microsoft Visual Studio Solution File, Format Version 12.00
# Visual Studio Version 17
VisualStudioVersion = 17.5.33516.290
MinimumVisualStudioVersion = 10.0.40219.1
Project("{9A19103F-16F7-4668-BE54-9A1E7A4F7556}") = "PostCustomer.FunctionApp", "PostCustomer.FunctionApp\PostCustomer.FunctionApp.csproj", "{1D5B708A-9C61-4D8D-A7E0-598EB61A0157}"
EndProject
Project("{FAE04EC0-301F-11D3-BF4B-00C04F79EFBC}") = "CQRSInfrastructure", "CQRSInfrastructure\CQRSInfrastructure.csproj", "{8184A965-E0CD-4CF2-AF71-A399E39D63CE}"
EndProject
Global
	GlobalSection(SolutionConfigurationPlatforms) = preSolution
		Debug|Any CPU = Debug|Any CPU
		Release|Any CPU = Release|Any CPU
	EndGlobalSection
	GlobalSection(ProjectConfigurationPlatforms) = postSolution
		{1D5B708A-9C61-4D8D-A7E0-598EB61A0157}.Debug|Any CPU.ActiveCfg = Debug|Any CPU
		{1D5B708A-9C61-4D8D-A7E0-598EB61A0157}.Debug|Any CPU.Build.0 = Debug|Any CPU
		{1D5B708A-9C61-4D8D-A7E0-598EB61A0157}.Release|Any CPU.ActiveCfg = Release|Any CPU
		{1D5B708A-9C61-4D8D-A7E0-598EB61A0157}.Release|Any CPU.Build.0 = Release|Any CPU
		{8184A965-E0CD-4CF2-AF71-A399E39D63CE}.Debug|Any CPU.ActiveCfg = Debug|Any CPU
		{8184A965-E0CD-4CF2-AF71-A399E39D63CE}.Debug|Any CPU.Build.0 = Debug|Any CPU
		{8184A965-E0CD-4CF2-AF71-A399E39D63CE}.Release|Any CPU.ActiveCfg = Release|Any CPU
		{8184A965-E0CD-4CF2-AF71-A399E39D63CE}.Release|Any CPU.Build.0 = Release|Any CPU
	EndGlobalSection
	GlobalSection(SolutionProperties) = preSolution
		HideSolutionNode = FALSE
	EndGlobalSection
	GlobalSection(ExtensibilityGlobals) = postSolution
		SolutionGuid = {91DAD104-D9A2-443D-99F4-3B115F99EAA0}
	EndGlobalSection
EndGlobal
